
Microsoft Visual Studio Solution File, Format Version 12.00
# Visual Studio Version 16
VisualStudioVersion = 16.0.29306.81
MinimumVisualStudioVersion = 10.0.40219.1
Project("{FAE04EC0-301F-11D3-BF4B-00C04F79EFBC}") = "caipiao", "caipiao\caipiao.csproj", "{81F6E7D7-348B-4384-B787-ED82ACECA819}"
EndProject
Global
	GlobalSection(SolutionConfigurationPlatforms) = preSolution
		Debug|Any CPU = Debug|Any CPU
		Release|Any CPU = Release|Any CPU
	EndGlobalSection
	GlobalSection(ProjectConfigurationPlatforms) = postSolution
		{81F6E7D7-348B-4384-B787-ED82ACECA819}.Debug|Any CPU.ActiveCfg = Debug|Any CPU
		{81F6E7D7-348B-4384-B787-ED82ACECA819}.Debug|Any CPU.Build.0 = Debug|Any CPU
		{81F6E7D7-348B-4384-B787-ED82ACECA819}.Release|Any CPU.ActiveCfg = Release|Any CPU
		{81F6E7D7-348B-4384-B787-ED82ACECA819}.Release|Any CPU.Build.0 = Release|Any CPU
	EndGlobalSection
	GlobalSection(SolutionProperties) = preSolution
		HideSolutionNode = FALSE
	EndGlobalSection
	GlobalSection(ExtensibilityGlobals) = postSolution
		SolutionGuid = {F773079D-AC5E-49FA-84E7-50020EAA8181}
	EndGlobalSection
EndGlobal
